// !$*UTF8*$!
{
	archiveVersion = 1;
	classes = {
	};
	objectVersion = 50;
	objects = {

/* Begin PBXBuildFile section */
		8448B04D2374617A006A4798 /* AppDelegate.swift in Sources */ = {isa = PBXBuildFile; fileRef = 8448B04C2374617A006A4798 /* AppDelegate.swift */; };
		8448B04F2374617A006A4798 /* SceneDelegate.swift in Sources */ = {isa = PBXBuildFile; fileRef = 8448B04E2374617A006A4798 /* SceneDelegate.swift */; };
		8448B0512374617A006A4798 /* ViewController.swift in Sources */ = {isa = PBXBuildFile; fileRef = 8448B0502374617A006A4798 /* ViewController.swift */; };
		8448B0542374617A006A4798 /* Main.storyboard in Resources */ = {isa = PBXBuildFile; fileRef = 8448B0522374617A006A4798 /* Main.storyboard */; };
		8448B0592374617C006A4798 /* Assets.xcassets in Resources */ = {isa = PBXBuildFile; fileRef = 8448B0582374617C006A4798 /* Assets.xcassets */; };
		8448B05C2374617C006A4798 /* LaunchScreen.storyboard in Resources */ = {isa = PBXBuildFile; fileRef = 8448B05A2374617C006A4798 /* LaunchScreen.storyboard */; };
		8448B0672374617C006A4798 /* studyBuddyTests.swift in Sources */ = {isa = PBXBuildFile; fileRef = 8448B0662374617C006A4798 /* studyBuddyTests.swift */; };
		8448B0722374617C006A4798 /* studyBuddyUITests.swift in Sources */ = {isa = PBXBuildFile; fileRef = 8448B0712374617C006A4798 /* studyBuddyUITests.swift */; };
		8448B0C3237971D6006A4798 /* MessagesTableViewController.swift in Sources */ = {isa = PBXBuildFile; fileRef = 8448B0C2237971D6006A4798 /* MessagesTableViewController.swift */; };
/* End PBXBuildFile section */

/* Begin PBXContainerItemProxy section */
		8448B0632374617C006A4798 /* PBXContainerItemProxy */ = {
			isa = PBXContainerItemProxy;
			containerPortal = 8448B0412374617A006A4798 /* Project object */;
			proxyType = 1;
			remoteGlobalIDString = 8448B0482374617A006A4798;
			remoteInfo = studyBuddy;
		};
		8448B06E2374617C006A4798 /* PBXContainerItemProxy */ = {
			isa = PBXContainerItemProxy;
			containerPortal = 8448B0412374617A006A4798 /* Project object */;
			proxyType = 1;
			remoteGlobalIDString = 8448B0482374617A006A4798;
			remoteInfo = studyBuddy;
		};
/* End PBXContainerItemProxy section */

/* Begin PBXFileReference section */
		8448B0492374617A006A4798 /* studyBuddy.app */ = {isa = PBXFileReference; explicitFileType = wrapper.application; includeInIndex = 0; path = studyBuddy.app; sourceTree = BUILT_PRODUCTS_DIR; };
		8448B04C2374617A006A4798 /* AppDelegate.swift */ = {isa = PBXFileReference; lastKnownFileType = sourcecode.swift; path = AppDelegate.swift; sourceTree = "<group>"; };
		8448B04E2374617A006A4798 /* SceneDelegate.swift */ = {isa = PBXFileReference; lastKnownFileType = sourcecode.swift; path = SceneDelegate.swift; sourceTree = "<group>"; };
		8448B0502374617A006A4798 /* ViewController.swift */ = {isa = PBXFileReference; lastKnownFileType = sourcecode.swift; path = ViewController.swift; sourceTree = "<group>"; };
		8448B0532374617A006A4798 /* Base */ = {isa = PBXFileReference; lastKnownFileType = file.storyboard; name = Base; path = Base.lproj/Main.storyboard; sourceTree = "<group>"; };
		8448B0582374617C006A4798 /* Assets.xcassets */ = {isa = PBXFileReference; lastKnownFileType = folder.assetcatalog; path = Assets.xcassets; sourceTree = "<group>"; };
		8448B05B2374617C006A4798 /* Base */ = {isa = PBXFileReference; lastKnownFileType = file.storyboard; name = Base; path = Base.lproj/LaunchScreen.storyboard; sourceTree = "<group>"; };
		8448B05D2374617C006A4798 /* Info.plist */ = {isa = PBXFileReference; lastKnownFileType = text.plist.info; path = Info.plist; sourceTree = "<group>"; };
		8448B0622374617C006A4798 /* studyBuddyTests.xctest */ = {isa = PBXFileReference; explicitFileType = wrapper.cfbundle; includeInIndex = 0; path = studyBuddyTests.xctest; sourceTree = BUILT_PRODUCTS_DIR; };
		8448B0662374617C006A4798 /* studyBuddyTests.swift */ = {isa = PBXFileReference; lastKnownFileType = sourcecode.swift; path = studyBuddyTests.swift; sourceTree = "<group>"; };
		8448B0682374617C006A4798 /* Info.plist */ = {isa = PBXFileReference; lastKnownFileType = text.plist.xml; path = Info.plist; sourceTree = "<group>"; };
		8448B06D2374617C006A4798 /* studyBuddyUITests.xctest */ = {isa = PBXFileReference; explicitFileType = wrapper.cfbundle; includeInIndex = 0; path = studyBuddyUITests.xctest; sourceTree = BUILT_PRODUCTS_DIR; };
		8448B0712374617C006A4798 /* studyBuddyUITests.swift */ = {isa = PBXFileReference; lastKnownFileType = sourcecode.swift; path = studyBuddyUITests.swift; sourceTree = "<group>"; };
		8448B0732374617C006A4798 /* Info.plist */ = {isa = PBXFileReference; lastKnownFileType = text.plist.xml; path = Info.plist; sourceTree = "<group>"; };
		8448B0C2237971D6006A4798 /* MessagesTableViewController.swift */ = {isa = PBXFileReference; fileEncoding = 4; lastKnownFileType = sourcecode.swift; path = MessagesTableViewController.swift; sourceTree = "<group>"; };
/* End PBXFileReference section */

/* Begin PBXFrameworksBuildPhase section */
		8448B0462374617A006A4798 /* Frameworks */ = {
			isa = PBXFrameworksBuildPhase;
			buildActionMask = 2147483647;
			files = (
			);
			runOnlyForDeploymentPostprocessing = 0;
		};
		8448B05F2374617C006A4798 /* Frameworks */ = {
			isa = PBXFrameworksBuildPhase;
			buildActionMask = 2147483647;
			files = (
			);
			runOnlyForDeploymentPostprocessing = 0;
		};
		8448B06A2374617C006A4798 /* Frameworks */ = {
			isa = PBXFrameworksBuildPhase;
			buildActionMask = 2147483647;
			files = (
			);
			runOnlyForDeploymentPostprocessing = 0;
		};
/* End PBXFrameworksBuildPhase section */

/* Begin PBXGroup section */
		8448B0402374617A006A4798 = {
			isa = PBXGroup;
			children = (
				8448B04B2374617A006A4798 /* StudyBuddy */,
				8448B0652374617C006A4798 /* studyBuddyTests */,
				8448B0702374617C006A4798 /* studyBuddyUITests */,
				8448B04A2374617A006A4798 /* Products */,
			);
			sourceTree = "<group>";
		};
		8448B04A2374617A006A4798 /* Products */ = {
			isa = PBXGroup;
			children = (
				8448B0492374617A006A4798 /* studyBuddy.app */,
				8448B0622374617C006A4798 /* studyBuddyTests.xctest */,
				8448B06D2374617C006A4798 /* studyBuddyUITests.xctest */,
			);
			name = Products;
			sourceTree = "<group>";
		};
		8448B04B2374617A006A4798 /* StudyBuddy */ = {
			isa = PBXGroup;
			children = (
				8448B04C2374617A006A4798 /* AppDelegate.swift */,
				8448B04E2374617A006A4798 /* SceneDelegate.swift */,
				8448B0502374617A006A4798 /* ViewController.swift */,
				8448B0522374617A006A4798 /* Main.storyboard */,
				8448B0582374617C006A4798 /* Assets.xcassets */,
				8448B05A2374617C006A4798 /* LaunchScreen.storyboard */,
				8448B05D2374617C006A4798 /* Info.plist */,
				8448B0C2237971D6006A4798 /* MessagesTableViewController.swift */,
			);
			path = StudyBuddy;
			sourceTree = "<group>";
		};
		8448B0652374617C006A4798 /* studyBuddyTests */ = {
			isa = PBXGroup;
			children = (
				8448B0662374617C006A4798 /* studyBuddyTests.swift */,
				8448B0682374617C006A4798 /* Info.plist */,
			);
			path = studyBuddyTests;
			sourceTree = "<group>";
		};
		8448B0702374617C006A4798 /* studyBuddyUITests */ = {
			isa = PBXGroup;
			children = (
				8448B0712374617C006A4798 /* studyBuddyUITests.swift */,
				8448B0732374617C006A4798 /* Info.plist */,
			);
			path = studyBuddyUITests;
			sourceTree = "<group>";
		};
/* End PBXGroup section */

/* Begin PBXNativeTarget section */
		8448B0482374617A006A4798 /* studyBuddy */ = {
			isa = PBXNativeTarget;
			buildConfigurationList = 8448B0762374617C006A4798 /* Build configuration list for PBXNativeTarget "studyBuddy" */;
			buildPhases = (
				8448B0452374617A006A4798 /* Sources */,
				8448B0462374617A006A4798 /* Frameworks */,
				8448B0472374617A006A4798 /* Resources */,
			);
			buildRules = (
			);
			dependencies = (
			);
			name = studyBuddy;
			productName = studyBuddy;
			productReference = 8448B0492374617A006A4798 /* studyBuddy.app */;
			productType = "com.apple.product-type.application";
		};
		8448B0612374617C006A4798 /* studyBuddyTests */ = {
			isa = PBXNativeTarget;
			buildConfigurationList = 8448B0792374617C006A4798 /* Build configuration list for PBXNativeTarget "studyBuddyTests" */;
			buildPhases = (
				8448B05E2374617C006A4798 /* Sources */,
				8448B05F2374617C006A4798 /* Frameworks */,
				8448B0602374617C006A4798 /* Resources */,
			);
			buildRules = (
			);
			dependencies = (
				8448B0642374617C006A4798 /* PBXTargetDependency */,
			);
			name = studyBuddyTests;
			productName = studyBuddyTests;
			productReference = 8448B0622374617C006A4798 /* studyBuddyTests.xctest */;
			productType = "com.apple.product-type.bundle.unit-test";
		};
		8448B06C2374617C006A4798 /* studyBuddyUITests */ = {
			isa = PBXNativeTarget;
			buildConfigurationList = 8448B07C2374617C006A4798 /* Build configuration list for PBXNativeTarget "studyBuddyUITests" */;
			buildPhases = (
				8448B0692374617C006A4798 /* Sources */,
				8448B06A2374617C006A4798 /* Frameworks */,
				8448B06B2374617C006A4798 /* Resources */,
			);
			buildRules = (
			);
			dependencies = (
				8448B06F2374617C006A4798 /* PBXTargetDependency */,
			);
			name = studyBuddyUITests;
			productName = studyBuddyUITests;
			productReference = 8448B06D2374617C006A4798 /* studyBuddyUITests.xctest */;
			productType = "com.apple.product-type.bundle.ui-testing";
		};
/* End PBXNativeTarget section */

/* Begin PBXProject section */
		8448B0412374617A006A4798 /* Project object */ = {
			isa = PBXProject;
			attributes = {
				LastSwiftUpdateCheck = 1120;
				LastUpgradeCheck = 1120;
				ORGANIZATIONNAME = piose.five;
				TargetAttributes = {
					8448B0482374617A006A4798 = {
						CreatedOnToolsVersion = 11.2;
					};
					8448B0612374617C006A4798 = {
						CreatedOnToolsVersion = 11.2;
						TestTargetID = 8448B0482374617A006A4798;
					};
					8448B06C2374617C006A4798 = {
						CreatedOnToolsVersion = 11.2;
						TestTargetID = 8448B0482374617A006A4798;
					};
				};
			};
			buildConfigurationList = 8448B0442374617A006A4798 /* Build configuration list for PBXProject "StudyBuddy" */;
			compatibilityVersion = "Xcode 9.3";
			developmentRegion = en;
			hasScannedForEncodings = 0;
			knownRegions = (
				en,
				Base,
			);
			mainGroup = 8448B0402374617A006A4798;
			productRefGroup = 8448B04A2374617A006A4798 /* Products */;
			projectDirPath = "";
			projectRoot = "";
			targets = (
				8448B0482374617A006A4798 /* studyBuddy */,
				8448B0612374617C006A4798 /* studyBuddyTests */,
				8448B06C2374617C006A4798 /* studyBuddyUITests */,
			);
		};
/* End PBXProject section */

/* Begin PBXResourcesBuildPhase section */
		8448B0472374617A006A4798 /* Resources */ = {
			isa = PBXResourcesBuildPhase;
			buildActionMask = 2147483647;
			files = (
				8448B05C2374617C006A4798 /* LaunchScreen.storyboard in Resources */,
				8448B0592374617C006A4798 /* Assets.xcassets in Resources */,
				8448B0542374617A006A4798 /* Main.storyboard in Resources */,
			);
			runOnlyForDeploymentPostprocessing = 0;
		};
		8448B0602374617C006A4798 /* Resources */ = {
			isa = PBXResourcesBuildPhase;
			buildActionMask = 2147483647;
			files = (
			);
			runOnlyForDeploymentPostprocessing = 0;
		};
		8448B06B2374617C006A4798 /* Resources */ = {
			isa = PBXResourcesBuildPhase;
			buildActionMask = 2147483647;
			files = (
			);
			runOnlyForDeploymentPostprocessing = 0;
		};
/* End PBXResourcesBuildPhase section */

/* Begin PBXSourcesBuildPhase section */
		8448B0452374617A006A4798 /* Sources */ = {
			isa = PBXSourcesBuildPhase;
			buildActionMask = 2147483647;
			files = (
				8448B0512374617A006A4798 /* ViewController.swift in Sources */,
				8448B04D2374617A006A4798 /* AppDelegate.swift in Sources */,
				8448B04F2374617A006A4798 /* SceneDelegate.swift in Sources */,
				8448B0C3237971D6006A4798 /* MessagesTableViewController.swift in Sources */,
			);
			runOnlyForDeploymentPostprocessing = 0;
		};
		8448B05E2374617C006A4798 /* Sources */ = {
			isa = PBXSourcesBuildPhase;
			buildActionMask = 2147483647;
			files = (
				8448B0672374617C006A4798 /* studyBuddyTests.swift in Sources */,
			);
			runOnlyForDeploymentPostprocessing = 0;
		};
		8448B0692374617C006A4798 /* Sources */ = {
			isa = PBXSourcesBuildPhase;
			buildActionMask = 2147483647;
			files = (
				8448B0722374617C006A4798 /* studyBuddyUITests.swift in Sources */,
			);
			runOnlyForDeploymentPostprocessing = 0;
		};
/* End PBXSourcesBuildPhase section */

/* Begin PBXTargetDependency section */
		8448B0642374617C006A4798 /* PBXTargetDependency */ = {
			isa = PBXTargetDependency;
			target = 8448B0482374617A006A4798 /* studyBuddy */;
			targetProxy = 8448B0632374617C006A4798 /* PBXContainerItemProxy */;
		};
		8448B06F2374617C006A4798 /* PBXTargetDependency */ = {
			isa = PBXTargetDependency;
			target = 8448B0482374617A006A4798 /* studyBuddy */;
			targetProxy = 8448B06E2374617C006A4798 /* PBXContainerItemProxy */;
		};
/* End PBXTargetDependency section */

/* Begin PBXVariantGroup section */
		8448B0522374617A006A4798 /* Main.storyboard */ = {
			isa = PBXVariantGroup;
			children = (
				8448B0532374617A006A4798 /* Base */,
			);
			name = Main.storyboard;
			sourceTree = "<group>";
		};
		8448B05A2374617C006A4798 /* LaunchScreen.storyboard */ = {
			isa = PBXVariantGroup;
			children = (
				8448B05B2374617C006A4798 /* Base */,
			);
			name = LaunchScreen.storyboard;
			sourceTree = "<group>";
		};
/* End PBXVariantGroup section */

/* Begin XCBuildConfiguration section */
		8448B0742374617C006A4798 /* Debug */ = {
			isa = XCBuildConfiguration;
			buildSettings = {
				ALWAYS_SEARCH_USER_PATHS = NO;
				CLANG_ANALYZER_NONNULL = YES;
				CLANG_ANALYZER_NUMBER_OBJECT_CONVERSION = YES_AGGRESSIVE;
				CLANG_CXX_LANGUAGE_STANDARD = "gnu++14";
				CLANG_CXX_LIBRARY = "libc++";
				CLANG_ENABLE_MODULES = YES;
				CLANG_ENABLE_OBJC_ARC = YES;
				CLANG_ENABLE_OBJC_WEAK = YES;
				CLANG_WARN_BLOCK_CAPTURE_AUTORELEASING = YES;
				CLANG_WARN_BOOL_CONVERSION = YES;
				CLANG_WARN_COMMA = YES;
				CLANG_WARN_CONSTANT_CONVERSION = YES;
				CLANG_WARN_DEPRECATED_OBJC_IMPLEMENTATIONS = YES;
				CLANG_WARN_DIRECT_OBJC_ISA_USAGE = YES_ERROR;
				CLANG_WARN_DOCUMENTATION_COMMENTS = YES;
				CLANG_WARN_EMPTY_BODY = YES;
				CLANG_WARN_ENUM_CONVERSION = YES;
				CLANG_WARN_INFINITE_RECURSION = YES;
				CLANG_WARN_INT_CONVERSION = YES;
				CLANG_WARN_NON_LITERAL_NULL_CONVERSION = YES;
				CLANG_WARN_OBJC_IMPLICIT_RETAIN_SELF = YES;
				CLANG_WARN_OBJC_LITERAL_CONVERSION = YES;
				CLANG_WARN_OBJC_ROOT_CLASS = YES_ERROR;
				CLANG_WARN_RANGE_LOOP_ANALYSIS = YES;
				CLANG_WARN_STRICT_PROTOTYPES = YES;
				CLANG_WARN_SUSPICIOUS_MOVE = YES;
				CLANG_WARN_UNGUARDED_AVAILABILITY = YES_AGGRESSIVE;
				CLANG_WARN_UNREACHABLE_CODE = YES;
				CLANG_WARN__DUPLICATE_METHOD_MATCH = YES;
				COPY_PHASE_STRIP = NO;
				DEBUG_INFORMATION_FORMAT = dwarf;
				ENABLE_STRICT_OBJC_MSGSEND = YES;
				ENABLE_TESTABILITY = YES;
				GCC_C_LANGUAGE_STANDARD = gnu11;
				GCC_DYNAMIC_NO_PIC = NO;
				GCC_NO_COMMON_BLOCKS = YES;
				GCC_OPTIMIZATION_LEVEL = 0;
				GCC_PREPROCESSOR_DEFINITIONS = (
					"DEBUG=1",
					"$(inherited)",
				);
				GCC_WARN_64_TO_32_BIT_CONVERSION = YES;
				GCC_WARN_ABOUT_RETURN_TYPE = YES_ERROR;
				GCC_WARN_UNDECLARED_SELECTOR = YES;
				GCC_WARN_UNINITIALIZED_AUTOS = YES_AGGRESSIVE;
				GCC_WARN_UNUSED_FUNCTION = YES;
				GCC_WARN_UNUSED_VARIABLE = YES;
				IPHONEOS_DEPLOYMENT_TARGET = 13.2;
				MTL_ENABLE_DEBUG_INFO = INCLUDE_SOURCE;
				MTL_FAST_MATH = YES;
				ONLY_ACTIVE_ARCH = YES;
				SDKROOT = iphoneos;
				SWIFT_ACTIVE_COMPILATION_CONDITIONS = DEBUG;
				SWIFT_OPTIMIZATION_LEVEL = "-Onone";
			};
			name = Debug;
		};
		8448B0752374617C006A4798 /* Release */ = {
			isa = XCBuildConfiguration;
			buildSettings = {
				ALWAYS_SEARCH_USER_PATHS = NO;
				CLANG_ANALYZER_NONNULL = YES;
				CLANG_ANALYZER_NUMBER_OBJECT_CONVERSION = YES_AGGRESSIVE;
				CLANG_CXX_LANGUAGE_STANDARD = "gnu++14";
				CLANG_CXX_LIBRARY = "libc++";
				CLANG_ENABLE_MODULES = YES;
				CLANG_ENABLE_OBJC_ARC = YES;
				CLANG_ENABLE_OBJC_WEAK = YES;
				CLANG_WARN_BLOCK_CAPTURE_AUTORELEASING = YES;
				CLANG_WARN_BOOL_CONVERSION = YES;
				CLANG_WARN_COMMA = YES;
				CLANG_WARN_CONSTANT_CONVERSION = YES;
				CLANG_WARN_DEPRECATED_OBJC_IMPLEMENTATIONS = YES;
				CLANG_WARN_DIRECT_OBJC_ISA_USAGE = YES_ERROR;
				CLANG_WARN_DOCUMENTATION_COMMENTS = YES;
				CLANG_WARN_EMPTY_BODY = YES;
				CLANG_WARN_ENUM_CONVERSION = YES;
				CLANG_WARN_INFINITE_RECURSION = YES;
				CLANG_WARN_INT_CONVERSION = YES;
				CLANG_WARN_NON_LITERAL_NULL_CONVERSION = YES;
				CLANG_WARN_OBJC_IMPLICIT_RETAIN_SELF = YES;
				CLANG_WARN_OBJC_LITERAL_CONVERSION = YES;
				CLANG_WARN_OBJC_ROOT_CLASS = YES_ERROR;
				CLANG_WARN_RANGE_LOOP_ANALYSIS = YES;
				CLANG_WARN_STRICT_PROTOTYPES = YES;
				CLANG_WARN_SUSPICIOUS_MOVE = YES;
				CLANG_WARN_UNGUARDED_AVAILABILITY = YES_AGGRESSIVE;
				CLANG_WARN_UNREACHABLE_CODE = YES;
				CLANG_WARN__DUPLICATE_METHOD_MATCH = YES;
				COPY_PHASE_STRIP = NO;
				DEBUG_INFORMATION_FORMAT = "dwarf-with-dsym";
				ENABLE_NS_ASSERTIONS = NO;
				ENABLE_STRICT_OBJC_MSGSEND = YES;
				GCC_C_LANGUAGE_STANDARD = gnu11;
				GCC_NO_COMMON_BLOCKS = YES;
				GCC_WARN_64_TO_32_BIT_CONVERSION = YES;
				GCC_WARN_ABOUT_RETURN_TYPE = YES_ERROR;
				GCC_WARN_UNDECLARED_SELECTOR = YES;
				GCC_WARN_UNINITIALIZED_AUTOS = YES_AGGRESSIVE;
				GCC_WARN_UNUSED_FUNCTION = YES;
				GCC_WARN_UNUSED_VARIABLE = YES;
				IPHONEOS_DEPLOYMENT_TARGET = 13.2;
				MTL_ENABLE_DEBUG_INFO = NO;
				MTL_FAST_MATH = YES;
				SDKROOT = iphoneos;
				SWIFT_COMPILATION_MODE = wholemodule;
				SWIFT_OPTIMIZATION_LEVEL = "-O";
				VALIDATE_PRODUCT = YES;
			};
			name = Release;
		};
		8448B0772374617C006A4798 /* Debug */ = {
			isa = XCBuildConfiguration;
			buildSettings = {
				ASSETCATALOG_COMPILER_APPICON_NAME = AppIcon;
				CODE_SIGN_STYLE = Automatic;
				DEVELOPMENT_TEAM = A6B8BRDPAC;
				INFOPLIST_FILE = studyBuddy/Info.plist;
				LD_RUNPATH_SEARCH_PATHS = (
					"$(inherited)",
					"@executable_path/Frameworks",
				);
				PRODUCT_BUNDLE_IDENTIFIER = piose.five.studyBuddy;
				PRODUCT_NAME = "$(TARGET_NAME)";
				SWIFT_VERSION = 5.0;
				TARGETED_DEVICE_FAMILY = "1,2";
			};
			name = Debug;
		};
		8448B0782374617C006A4798 /* Release */ = {
			isa = XCBuildConfiguration;
			buildSettings = {
				ASSETCATALOG_COMPILER_APPICON_NAME = AppIcon;
				CODE_SIGN_STYLE = Automatic;
				DEVELOPMENT_TEAM = A6B8BRDPAC;
				INFOPLIST_FILE = studyBuddy/Info.plist;
				LD_RUNPATH_SEARCH_PATHS = (
					"$(inherited)",
					"@executable_path/Frameworks",
				);
				PRODUCT_BUNDLE_IDENTIFIER = piose.five.studyBuddy;
				PRODUCT_NAME = "$(TARGET_NAME)";
				SWIFT_VERSION = 5.0;
				TARGETED_DEVICE_FAMILY = "1,2";
			};
			name = Release;
		};
		8448B07A2374617C006A4798 /* Debug */ = {
			isa = XCBuildConfiguration;
			buildSettings = {
				ALWAYS_EMBED_SWIFT_STANDARD_LIBRARIES = YES;
				BUNDLE_LOADER = "$(TEST_HOST)";
				CODE_SIGN_STYLE = Automatic;
				DEVELOPMENT_TEAM = A6B8BRDPAC;
				INFOPLIST_FILE = studyBuddyTests/Info.plist;
				IPHONEOS_DEPLOYMENT_TARGET = 13.2;
				LD_RUNPATH_SEARCH_PATHS = (
					"$(inherited)",
					"@executable_path/Frameworks",
					"@loader_path/Frameworks",
				);
				PRODUCT_BUNDLE_IDENTIFIER = piose.five.studyBuddyTests;
				PRODUCT_NAME = "$(TARGET_NAME)";
				SWIFT_VERSION = 5.0;
				TARGETED_DEVICE_FAMILY = "1,2";
				TEST_HOST = "$(BUILT_PRODUCTS_DIR)/studyBuddy.app/studyBuddy";
			};
			name = Debug;
		};
		8448B07B2374617C006A4798 /* Release */ = {
			isa = XCBuildConfiguration;
			buildSettings = {
				ALWAYS_EMBED_SWIFT_STANDARD_LIBRARIES = YES;
				BUNDLE_LOADER = "$(TEST_HOST)";
				CODE_SIGN_STYLE = Automatic;
				DEVELOPMENT_TEAM = A6B8BRDPAC;
				INFOPLIST_FILE = studyBuddyTests/Info.plist;
				IPHONEOS_DEPLOYMENT_TARGET = 13.2;
				LD_RUNPATH_SEARCH_PATHS = (
					"$(inherited)",
					"@executable_path/Frameworks",
					"@loader_path/Frameworks",
				);
				PRODUCT_BUNDLE_IDENTIFIER = piose.five.studyBuddyTests;
				PRODUCT_NAME = "$(TARGET_NAME)";
				SWIFT_VERSION = 5.0;
				TARGETED_DEVICE_FAMILY = "1,2";
				TEST_HOST = "$(BUILT_PRODUCTS_DIR)/studyBuddy.app/studyBuddy";
			};
			name = Release;
		};
		8448B07D2374617C006A4798 /* Debug */ = {
			isa = XCBuildConfiguration;
			buildSettings = {
				ALWAYS_EMBED_SWIFT_STANDARD_LIBRARIES = YES;
				CODE_SIGN_STYLE = Automatic;
				DEVELOPMENT_TEAM = A6B8BRDPAC;
				INFOPLIST_FILE = studyBuddyUITests/Info.plist;
				LD_RUNPATH_SEARCH_PATHS = (
					"$(inherited)",
					"@executable_path/Frameworks",
					"@loader_path/Frameworks",
				);
				PRODUCT_BUNDLE_IDENTIFIER = piose.five.studyBuddyUITests;
				PRODUCT_NAME = "$(TARGET_NAME)";
				SWIFT_VERSION = 5.0;
				TARGETED_DEVICE_FAMILY = "1,2";
				TEST_TARGET_NAME = studyBuddy;
			};
			name = Debug;
		};
		8448B07E2374617C006A4798 /* Release */ = {
			isa = XCBuildConfiguration;
			buildSettings = {
				ALWAYS_EMBED_SWIFT_STANDARD_LIBRARIES = YES;
				CODE_SIGN_STYLE = Automatic;
				DEVELOPMENT_TEAM = A6B8BRDPAC;
				INFOPLIST_FILE = studyBuddyUITests/Info.plist;
				LD_RUNPATH_SEARCH_PATHS = (
					"$(inherited)",
					"@executable_path/Frameworks",
					"@loader_path/Frameworks",
				);
				PRODUCT_BUNDLE_IDENTIFIER = piose.five.studyBuddyUITests;
				PRODUCT_NAME = "$(TARGET_NAME)";
				SWIFT_VERSION = 5.0;
				TARGETED_DEVICE_FAMILY = "1,2";
				TEST_TARGET_NAME = studyBuddy;
			};
			name = Release;
		};
/* End XCBuildConfiguration section */

/* Begin XCConfigurationList section */
		8448B0442374617A006A4798 /* Build configuration list for PBXProject "StudyBuddy" */ = {
			isa = XCConfigurationList;
			buildConfigurations = (
				8448B0742374617C006A4798 /* Debug */,
				8448B0752374617C006A4798 /* Release */,
			);
			defaultConfigurationIsVisible = 0;
			defaultConfigurationName = Release;
		};
		8448B0762374617C006A4798 /* Build configuration list for PBXNativeTarget "studyBuddy" */ = {
			isa = XCConfigurationList;
			buildConfigurations = (
				8448B0772374617C006A4798 /* Debug */,
				8448B0782374617C006A4798 /* Release */,
			);
			defaultConfigurationIsVisible = 0;
			defaultConfigurationName = Release;
		};
		8448B0792374617C006A4798 /* Build configuration list for PBXNativeTarget "studyBuddyTests" */ = {
			isa = XCConfigurationList;
			buildConfigurations = (
				8448B07A2374617C006A4798 /* Debug */,
				8448B07B2374617C006A4798 /* Release */,
			);
			defaultConfigurationIsVisible = 0;
			defaultConfigurationName = Release;
		};
		8448B07C2374617C006A4798 /* Build configuration list for PBXNativeTarget "studyBuddyUITests" */ = {
			isa = XCConfigurationList;
			buildConfigurations = (
				8448B07D2374617C006A4798 /* Debug */,
				8448B07E2374617C006A4798 /* Release */,
			);
			defaultConfigurationIsVisible = 0;
			defaultConfigurationName = Release;
		};
/* End XCConfigurationList section */
	};
	rootObject = 8448B0412374617A006A4798 /* Project object */;
}
