// !$*UTF8*$!
{
	archiveVersion = 1;
	classes = {
	};
	objectVersion = 50;
	objects = {

/* Begin PBXBuildFile section */
		33F827D423703023002DF18A /* AppDelegate.swift in Sources */ = {isa = PBXBuildFile; fileRef = 33F827D323703023002DF18A /* AppDelegate.swift */; };
		33F827D623703023002DF18A /* SceneDelegate.swift in Sources */ = {isa = PBXBuildFile; fileRef = 33F827D523703023002DF18A /* SceneDelegate.swift */; };
		33F827D823703023002DF18A /* ContentView.swift in Sources */ = {isa = PBXBuildFile; fileRef = 33F827D723703023002DF18A /* ContentView.swift */; };
		33F827DA23703025002DF18A /* Assets.xcassets in Resources */ = {isa = PBXBuildFile; fileRef = 33F827D923703025002DF18A /* Assets.xcassets */; };
		33F827DD23703025002DF18A /* Preview Assets.xcassets in Resources */ = {isa = PBXBuildFile; fileRef = 33F827DC23703025002DF18A /* Preview Assets.xcassets */; };
		33F827E023703025002DF18A /* LaunchScreen.storyboard in Resources */ = {isa = PBXBuildFile; fileRef = 33F827DE23703025002DF18A /* LaunchScreen.storyboard */; };
		33F827EB23703026002DF18A /* StudyBuddyTests.swift in Sources */ = {isa = PBXBuildFile; fileRef = 33F827EA23703026002DF18A /* StudyBuddyTests.swift */; };
		33F827F623703026002DF18A /* StudyBuddyUITests.swift in Sources */ = {isa = PBXBuildFile; fileRef = 33F827F523703026002DF18A /* StudyBuddyUITests.swift */; };
/* End PBXBuildFile section */

/* Begin PBXContainerItemProxy section */
		33F827E723703026002DF18A /* PBXContainerItemProxy */ = {
			isa = PBXContainerItemProxy;
			containerPortal = 33F827C823703023002DF18A /* Project object */;
			proxyType = 1;
			remoteGlobalIDString = 33F827CF23703023002DF18A;
			remoteInfo = StudyBuddy;
		};
		33F827F223703026002DF18A /* PBXContainerItemProxy */ = {
			isa = PBXContainerItemProxy;
			containerPortal = 33F827C823703023002DF18A /* Project object */;
			proxyType = 1;
			remoteGlobalIDString = 33F827CF23703023002DF18A;
			remoteInfo = StudyBuddy;
		};
/* End PBXContainerItemProxy section */

/* Begin PBXFileReference section */
		33F827D023703023002DF18A /* StudyBuddy.app */ = {isa = PBXFileReference; explicitFileType = wrapper.application; includeInIndex = 0; path = StudyBuddy.app; sourceTree = BUILT_PRODUCTS_DIR; };
		33F827D323703023002DF18A /* AppDelegate.swift */ = {isa = PBXFileReference; lastKnownFileType = sourcecode.swift; path = AppDelegate.swift; sourceTree = "<group>"; };
		33F827D523703023002DF18A /* SceneDelegate.swift */ = {isa = PBXFileReference; lastKnownFileType = sourcecode.swift; path = SceneDelegate.swift; sourceTree = "<group>"; };
		33F827D723703023002DF18A /* ContentView.swift */ = {isa = PBXFileReference; lastKnownFileType = sourcecode.swift; path = ContentView.swift; sourceTree = "<group>"; };
		33F827D923703025002DF18A /* Assets.xcassets */ = {isa = PBXFileReference; lastKnownFileType = folder.assetcatalog; path = Assets.xcassets; sourceTree = "<group>"; };
		33F827DC23703025002DF18A /* Preview Assets.xcassets */ = {isa = PBXFileReference; lastKnownFileType = folder.assetcatalog; path = "Preview Assets.xcassets"; sourceTree = "<group>"; };
		33F827DF23703025002DF18A /* Base */ = {isa = PBXFileReference; lastKnownFileType = file.storyboard; name = Base; path = Base.lproj/LaunchScreen.storyboard; sourceTree = "<group>"; };
		33F827E123703025002DF18A /* Info.plist */ = {isa = PBXFileReference; lastKnownFileType = text.plist.xml; path = Info.plist; sourceTree = "<group>"; };
		33F827E623703026002DF18A /* StudyBuddyTests.xctest */ = {isa = PBXFileReference; explicitFileType = wrapper.cfbundle; includeInIndex = 0; path = StudyBuddyTests.xctest; sourceTree = BUILT_PRODUCTS_DIR; };
		33F827EA23703026002DF18A /* StudyBuddyTests.swift */ = {isa = PBXFileReference; lastKnownFileType = sourcecode.swift; path = StudyBuddyTests.swift; sourceTree = "<group>"; };
		33F827EC23703026002DF18A /* Info.plist */ = {isa = PBXFileReference; lastKnownFileType = text.plist.xml; path = Info.plist; sourceTree = "<group>"; };
		33F827F123703026002DF18A /* StudyBuddyUITests.xctest */ = {isa = PBXFileReference; explicitFileType = wrapper.cfbundle; includeInIndex = 0; path = StudyBuddyUITests.xctest; sourceTree = BUILT_PRODUCTS_DIR; };
		33F827F523703026002DF18A /* StudyBuddyUITests.swift */ = {isa = PBXFileReference; lastKnownFileType = sourcecode.swift; path = StudyBuddyUITests.swift; sourceTree = "<group>"; };
		33F827F723703026002DF18A /* Info.plist */ = {isa = PBXFileReference; lastKnownFileType = text.plist.xml; path = Info.plist; sourceTree = "<group>"; };
/* End PBXFileReference section */

/* Begin PBXFrameworksBuildPhase section */
		33F827CD23703023002DF18A /* Frameworks */ = {
			isa = PBXFrameworksBuildPhase;
			buildActionMask = 2147483647;
			files = (
			);
			runOnlyForDeploymentPostprocessing = 0;
		};
		33F827E323703026002DF18A /* Frameworks */ = {
			isa = PBXFrameworksBuildPhase;
			buildActionMask = 2147483647;
			files = (
			);
			runOnlyForDeploymentPostprocessing = 0;
		};
		33F827EE23703026002DF18A /* Frameworks */ = {
			isa = PBXFrameworksBuildPhase;
			buildActionMask = 2147483647;
			files = (
			);
			runOnlyForDeploymentPostprocessing = 0;
		};
/* End PBXFrameworksBuildPhase section */

/* Begin PBXGroup section */
		33F827C723703023002DF18A = {
			isa = PBXGroup;
			children = (
				33F827D223703023002DF18A /* StudyBuddy */,
				33F827E923703026002DF18A /* StudyBuddyTests */,
				33F827F423703026002DF18A /* StudyBuddyUITests */,
				33F827D123703023002DF18A /* Products */,
			);
			sourceTree = "<group>";
		};
		33F827D123703023002DF18A /* Products */ = {
			isa = PBXGroup;
			children = (
				33F827D023703023002DF18A /* StudyBuddy.app */,
				33F827E623703026002DF18A /* StudyBuddyTests.xctest */,
				33F827F123703026002DF18A /* StudyBuddyUITests.xctest */,
			);
			name = Products;
			sourceTree = "<group>";
		};
		33F827D223703023002DF18A /* StudyBuddy */ = {
			isa = PBXGroup;
			children = (
				33F827D323703023002DF18A /* AppDelegate.swift */,
				33F827D523703023002DF18A /* SceneDelegate.swift */,
				33F827D723703023002DF18A /* ContentView.swift */,
				33F827D923703025002DF18A /* Assets.xcassets */,
				33F827DE23703025002DF18A /* LaunchScreen.storyboard */,
				33F827E123703025002DF18A /* Info.plist */,
				33F827DB23703025002DF18A /* Preview Content */,
			);
			path = StudyBuddy;
			sourceTree = "<group>";
		};
		33F827DB23703025002DF18A /* Preview Content */ = {
			isa = PBXGroup;
			children = (
				33F827DC23703025002DF18A /* Preview Assets.xcassets */,
			);
			path = "Preview Content";
			sourceTree = "<group>";
		};
		33F827E923703026002DF18A /* StudyBuddyTests */ = {
			isa = PBXGroup;
			children = (
				33F827EA23703026002DF18A /* StudyBuddyTests.swift */,
				33F827EC23703026002DF18A /* Info.plist */,
			);
			path = StudyBuddyTests;
			sourceTree = "<group>";
		};
		33F827F423703026002DF18A /* StudyBuddyUITests */ = {
			isa = PBXGroup;
			children = (
				33F827F523703026002DF18A /* StudyBuddyUITests.swift */,
				33F827F723703026002DF18A /* Info.plist */,
			);
			path = StudyBuddyUITests;
			sourceTree = "<group>";
		};
/* End PBXGroup section */

/* Begin PBXNativeTarget section */
		33F827CF23703023002DF18A /* StudyBuddy */ = {
			isa = PBXNativeTarget;
			buildConfigurationList = 33F827FA23703026002DF18A /* Build configuration list for PBXNativeTarget "StudyBuddy" */;
			buildPhases = (
				33F827CC23703023002DF18A /* Sources */,
				33F827CD23703023002DF18A /* Frameworks */,
				33F827CE23703023002DF18A /* Resources */,
			);
			buildRules = (
			);
			dependencies = (
			);
			name = StudyBuddy;
			productName = StudyBuddy;
			productReference = 33F827D023703023002DF18A /* StudyBuddy.app */;
			productType = "com.apple.product-type.application";
		};
		33F827E523703026002DF18A /* StudyBuddyTests */ = {
			isa = PBXNativeTarget;
			buildConfigurationList = 33F827FD23703026002DF18A /* Build configuration list for PBXNativeTarget "StudyBuddyTests" */;
			buildPhases = (
				33F827E223703026002DF18A /* Sources */,
				33F827E323703026002DF18A /* Frameworks */,
				33F827E423703026002DF18A /* Resources */,
			);
			buildRules = (
			);
			dependencies = (
				33F827E823703026002DF18A /* PBXTargetDependency */,
			);
			name = StudyBuddyTests;
			productName = StudyBuddyTests;
			productReference = 33F827E623703026002DF18A /* StudyBuddyTests.xctest */;
			productType = "com.apple.product-type.bundle.unit-test";
		};
		33F827F023703026002DF18A /* StudyBuddyUITests */ = {
			isa = PBXNativeTarget;
			buildConfigurationList = 33F8280023703026002DF18A /* Build configuration list for PBXNativeTarget "StudyBuddyUITests" */;
			buildPhases = (
				33F827ED23703026002DF18A /* Sources */,
				33F827EE23703026002DF18A /* Frameworks */,
				33F827EF23703026002DF18A /* Resources */,
			);
			buildRules = (
			);
			dependencies = (
				33F827F323703026002DF18A /* PBXTargetDependency */,
			);
			name = StudyBuddyUITests;
			productName = StudyBuddyUITests;
			productReference = 33F827F123703026002DF18A /* StudyBuddyUITests.xctest */;
			productType = "com.apple.product-type.bundle.ui-testing";
		};
/* End PBXNativeTarget section */

/* Begin PBXProject section */
		33F827C823703023002DF18A /* Project object */ = {
			isa = PBXProject;
			attributes = {
				LastSwiftUpdateCheck = 1110;
				LastUpgradeCheck = 1110;
				ORGANIZATIONNAME = piose5;
				TargetAttributes = {
					33F827CF23703023002DF18A = {
						CreatedOnToolsVersion = 11.1;
					};
					33F827E523703026002DF18A = {
						CreatedOnToolsVersion = 11.1;
						TestTargetID = 33F827CF23703023002DF18A;
					};
					33F827F023703026002DF18A = {
						CreatedOnToolsVersion = 11.1;
						TestTargetID = 33F827CF23703023002DF18A;
					};
				};
			};
			buildConfigurationList = 33F827CB23703023002DF18A /* Build configuration list for PBXProject "StudyBuddy" */;
			compatibilityVersion = "Xcode 9.3";
			developmentRegion = en;
			hasScannedForEncodings = 0;
			knownRegions = (
				en,
				Base,
			);
			mainGroup = 33F827C723703023002DF18A;
			productRefGroup = 33F827D123703023002DF18A /* Products */;
			projectDirPath = "";
			projectRoot = "";
			targets = (
				33F827CF23703023002DF18A /* StudyBuddy */,
				33F827E523703026002DF18A /* StudyBuddyTests */,
				33F827F023703026002DF18A /* StudyBuddyUITests */,
			);
		};
/* End PBXProject section */

/* Begin PBXResourcesBuildPhase section */
		33F827CE23703023002DF18A /* Resources */ = {
			isa = PBXResourcesBuildPhase;
			buildActionMask = 2147483647;
			files = (
				33F827E023703025002DF18A /* LaunchScreen.storyboard in Resources */,
				33F827DD23703025002DF18A /* Preview Assets.xcassets in Resources */,
				33F827DA23703025002DF18A /* Assets.xcassets in Resources */,
			);
			runOnlyForDeploymentPostprocessing = 0;
		};
		33F827E423703026002DF18A /* Resources */ = {
			isa = PBXResourcesBuildPhase;
			buildActionMask = 2147483647;
			files = (
			);
			runOnlyForDeploymentPostprocessing = 0;
		};
		33F827EF23703026002DF18A /* Resources */ = {
			isa = PBXResourcesBuildPhase;
			buildActionMask = 2147483647;
			files = (
			);
			runOnlyForDeploymentPostprocessing = 0;
		};
/* End PBXResourcesBuildPhase section */

/* Begin PBXSourcesBuildPhase section */
		33F827CC23703023002DF18A /* Sources */ = {
			isa = PBXSourcesBuildPhase;
			buildActionMask = 2147483647;
			files = (
				33F827D423703023002DF18A /* AppDelegate.swift in Sources */,
				33F827D623703023002DF18A /* SceneDelegate.swift in Sources */,
				33F827D823703023002DF18A /* ContentView.swift in Sources */,
			);
			runOnlyForDeploymentPostprocessing = 0;
		};
		33F827E223703026002DF18A /* Sources */ = {
			isa = PBXSourcesBuildPhase;
			buildActionMask = 2147483647;
			files = (
				33F827EB23703026002DF18A /* StudyBuddyTests.swift in Sources */,
			);
			runOnlyForDeploymentPostprocessing = 0;
		};
		33F827ED23703026002DF18A /* Sources */ = {
			isa = PBXSourcesBuildPhase;
			buildActionMask = 2147483647;
			files = (
				33F827F623703026002DF18A /* StudyBuddyUITests.swift in Sources */,
			);
			runOnlyForDeploymentPostprocessing = 0;
		};
/* End PBXSourcesBuildPhase section */

/* Begin PBXTargetDependency section */
		33F827E823703026002DF18A /* PBXTargetDependency */ = {
			isa = PBXTargetDependency;
			target = 33F827CF23703023002DF18A /* StudyBuddy */;
			targetProxy = 33F827E723703026002DF18A /* PBXContainerItemProxy */;
		};
		33F827F323703026002DF18A /* PBXTargetDependency */ = {
			isa = PBXTargetDependency;
			target = 33F827CF23703023002DF18A /* StudyBuddy */;
			targetProxy = 33F827F223703026002DF18A /* PBXContainerItemProxy */;
		};
/* End PBXTargetDependency section */

/* Begin PBXVariantGroup section */
		33F827DE23703025002DF18A /* LaunchScreen.storyboard */ = {
			isa = PBXVariantGroup;
			children = (
				33F827DF23703025002DF18A /* Base */,
			);
			name = LaunchScreen.storyboard;
			sourceTree = "<group>";
		};
/* End PBXVariantGroup section */

/* Begin XCBuildConfiguration section */
		33F827F823703026002DF18A /* Debug */ = {
			isa = XCBuildConfiguration;
			buildSettings = {
				ALWAYS_SEARCH_USER_PATHS = NO;
				CLANG_ANALYZER_NONNULL = YES;
				CLANG_ANALYZER_NUMBER_OBJECT_CONVERSION = YES_AGGRESSIVE;
				CLANG_CXX_LANGUAGE_STANDARD = "gnu++14";
				CLANG_CXX_LIBRARY = "libc++";
				CLANG_ENABLE_MODULES = YES;
				CLANG_ENABLE_OBJC_ARC = YES;
				CLANG_ENABLE_OBJC_WEAK = YES;
				CLANG_WARN_BLOCK_CAPTURE_AUTORELEASING = YES;
				CLANG_WARN_BOOL_CONVERSION = YES;
				CLANG_WARN_COMMA = YES;
				CLANG_WARN_CONSTANT_CONVERSION = YES;
				CLANG_WARN_DEPRECATED_OBJC_IMPLEMENTATIONS = YES;
				CLANG_WARN_DIRECT_OBJC_ISA_USAGE = YES_ERROR;
				CLANG_WARN_DOCUMENTATION_COMMENTS = YES;
				CLANG_WARN_EMPTY_BODY = YES;
				CLANG_WARN_ENUM_CONVERSION = YES;
				CLANG_WARN_INFINITE_RECURSION = YES;
				CLANG_WARN_INT_CONVERSION = YES;
				CLANG_WARN_NON_LITERAL_NULL_CONVERSION = YES;
				CLANG_WARN_OBJC_IMPLICIT_RETAIN_SELF = YES;
				CLANG_WARN_OBJC_LITERAL_CONVERSION = YES;
				CLANG_WARN_OBJC_ROOT_CLASS = YES_ERROR;
				CLANG_WARN_RANGE_LOOP_ANALYSIS = YES;
				CLANG_WARN_STRICT_PROTOTYPES = YES;
				CLANG_WARN_SUSPICIOUS_MOVE = YES;
				CLANG_WARN_UNGUARDED_AVAILABILITY = YES_AGGRESSIVE;
				CLANG_WARN_UNREACHABLE_CODE = YES;
				CLANG_WARN__DUPLICATE_METHOD_MATCH = YES;
				COPY_PHASE_STRIP = NO;
				DEBUG_INFORMATION_FORMAT = dwarf;
				ENABLE_STRICT_OBJC_MSGSEND = YES;
				ENABLE_TESTABILITY = YES;
				GCC_C_LANGUAGE_STANDARD = gnu11;
				GCC_DYNAMIC_NO_PIC = NO;
				GCC_NO_COMMON_BLOCKS = YES;
				GCC_OPTIMIZATION_LEVEL = 0;
				GCC_PREPROCESSOR_DEFINITIONS = (
					"DEBUG=1",
					"$(inherited)",
				);
				GCC_WARN_64_TO_32_BIT_CONVERSION = YES;
				GCC_WARN_ABOUT_RETURN_TYPE = YES_ERROR;
				GCC_WARN_UNDECLARED_SELECTOR = YES;
				GCC_WARN_UNINITIALIZED_AUTOS = YES_AGGRESSIVE;
				GCC_WARN_UNUSED_FUNCTION = YES;
				GCC_WARN_UNUSED_VARIABLE = YES;
				IPHONEOS_DEPLOYMENT_TARGET = 13.1;
				MTL_ENABLE_DEBUG_INFO = INCLUDE_SOURCE;
				MTL_FAST_MATH = YES;
				ONLY_ACTIVE_ARCH = YES;
				SDKROOT = iphoneos;
				SWIFT_ACTIVE_COMPILATION_CONDITIONS = DEBUG;
				SWIFT_OPTIMIZATION_LEVEL = "-Onone";
			};
			name = Debug;
		};
		33F827F923703026002DF18A /* Release */ = {
			isa = XCBuildConfiguration;
			buildSettings = {
				ALWAYS_SEARCH_USER_PATHS = NO;
				CLANG_ANALYZER_NONNULL = YES;
				CLANG_ANALYZER_NUMBER_OBJECT_CONVERSION = YES_AGGRESSIVE;
				CLANG_CXX_LANGUAGE_STANDARD = "gnu++14";
				CLANG_CXX_LIBRARY = "libc++";
				CLANG_ENABLE_MODULES = YES;
				CLANG_ENABLE_OBJC_ARC = YES;
				CLANG_ENABLE_OBJC_WEAK = YES;
				CLANG_WARN_BLOCK_CAPTURE_AUTORELEASING = YES;
				CLANG_WARN_BOOL_CONVERSION = YES;
				CLANG_WARN_COMMA = YES;
				CLANG_WARN_CONSTANT_CONVERSION = YES;
				CLANG_WARN_DEPRECATED_OBJC_IMPLEMENTATIONS = YES;
				CLANG_WARN_DIRECT_OBJC_ISA_USAGE = YES_ERROR;
				CLANG_WARN_DOCUMENTATION_COMMENTS = YES;
				CLANG_WARN_EMPTY_BODY = YES;
				CLANG_WARN_ENUM_CONVERSION = YES;
				CLANG_WARN_INFINITE_RECURSION = YES;
				CLANG_WARN_INT_CONVERSION = YES;
				CLANG_WARN_NON_LITERAL_NULL_CONVERSION = YES;
				CLANG_WARN_OBJC_IMPLICIT_RETAIN_SELF = YES;
				CLANG_WARN_OBJC_LITERAL_CONVERSION = YES;
				CLANG_WARN_OBJC_ROOT_CLASS = YES_ERROR;
				CLANG_WARN_RANGE_LOOP_ANALYSIS = YES;
				CLANG_WARN_STRICT_PROTOTYPES = YES;
				CLANG_WARN_SUSPICIOUS_MOVE = YES;
				CLANG_WARN_UNGUARDED_AVAILABILITY = YES_AGGRESSIVE;
				CLANG_WARN_UNREACHABLE_CODE = YES;
				CLANG_WARN__DUPLICATE_METHOD_MATCH = YES;
				COPY_PHASE_STRIP = NO;
				DEBUG_INFORMATION_FORMAT = "dwarf-with-dsym";
				ENABLE_NS_ASSERTIONS = NO;
				ENABLE_STRICT_OBJC_MSGSEND = YES;
				GCC_C_LANGUAGE_STANDARD = gnu11;
				GCC_NO_COMMON_BLOCKS = YES;
				GCC_WARN_64_TO_32_BIT_CONVERSION = YES;
				GCC_WARN_ABOUT_RETURN_TYPE = YES_ERROR;
				GCC_WARN_UNDECLARED_SELECTOR = YES;
				GCC_WARN_UNINITIALIZED_AUTOS = YES_AGGRESSIVE;
				GCC_WARN_UNUSED_FUNCTION = YES;
				GCC_WARN_UNUSED_VARIABLE = YES;
				IPHONEOS_DEPLOYMENT_TARGET = 13.1;
				MTL_ENABLE_DEBUG_INFO = NO;
				MTL_FAST_MATH = YES;
				SDKROOT = iphoneos;
				SWIFT_COMPILATION_MODE = wholemodule;
				SWIFT_OPTIMIZATION_LEVEL = "-O";
				VALIDATE_PRODUCT = YES;
			};
			name = Release;
		};
		33F827FB23703026002DF18A /* Debug */ = {
			isa = XCBuildConfiguration;
			buildSettings = {
				ASSETCATALOG_COMPILER_APPICON_NAME = AppIcon;
				CODE_SIGN_STYLE = Automatic;
				DEVELOPMENT_ASSET_PATHS = "\"StudyBuddy/Preview Content\"";
				DEVELOPMENT_TEAM = WWWTSU436A;
				ENABLE_PREVIEWS = YES;
				INFOPLIST_FILE = StudyBuddy/Info.plist;
				LD_RUNPATH_SEARCH_PATHS = (
					"$(inherited)",
					"@executable_path/Frameworks",
				);
				PRODUCT_BUNDLE_IDENTIFIER = piose5.StudyBuddy;
				PRODUCT_NAME = "$(TARGET_NAME)";
				SWIFT_VERSION = 5.0;
				TARGETED_DEVICE_FAMILY = "1,2";
			};
			name = Debug;
		};
		33F827FC23703026002DF18A /* Release */ = {
			isa = XCBuildConfiguration;
			buildSettings = {
				ASSETCATALOG_COMPILER_APPICON_NAME = AppIcon;
				CODE_SIGN_STYLE = Automatic;
				DEVELOPMENT_ASSET_PATHS = "\"StudyBuddy/Preview Content\"";
				DEVELOPMENT_TEAM = WWWTSU436A;
				ENABLE_PREVIEWS = YES;
				INFOPLIST_FILE = StudyBuddy/Info.plist;
				LD_RUNPATH_SEARCH_PATHS = (
					"$(inherited)",
					"@executable_path/Frameworks",
				);
				PRODUCT_BUNDLE_IDENTIFIER = piose5.StudyBuddy;
				PRODUCT_NAME = "$(TARGET_NAME)";
				SWIFT_VERSION = 5.0;
				TARGETED_DEVICE_FAMILY = "1,2";
			};
			name = Release;
		};
		33F827FE23703026002DF18A /* Debug */ = {
			isa = XCBuildConfiguration;
			buildSettings = {
				ALWAYS_EMBED_SWIFT_STANDARD_LIBRARIES = YES;
				BUNDLE_LOADER = "$(TEST_HOST)";
				CODE_SIGN_STYLE = Automatic;
				DEVELOPMENT_TEAM = WWWTSU436A;
				INFOPLIST_FILE = StudyBuddyTests/Info.plist;
				IPHONEOS_DEPLOYMENT_TARGET = 13.1;
				LD_RUNPATH_SEARCH_PATHS = (
					"$(inherited)",
					"@executable_path/Frameworks",
					"@loader_path/Frameworks",
				);
				PRODUCT_BUNDLE_IDENTIFIER = piose5.StudyBuddyTests;
				PRODUCT_NAME = "$(TARGET_NAME)";
				SWIFT_VERSION = 5.0;
				TARGETED_DEVICE_FAMILY = "1,2";
				TEST_HOST = "$(BUILT_PRODUCTS_DIR)/StudyBuddy.app/StudyBuddy";
			};
			name = Debug;
		};
		33F827FF23703026002DF18A /* Release */ = {
			isa = XCBuildConfiguration;
			buildSettings = {
				ALWAYS_EMBED_SWIFT_STANDARD_LIBRARIES = YES;
				BUNDLE_LOADER = "$(TEST_HOST)";
				CODE_SIGN_STYLE = Automatic;
				DEVELOPMENT_TEAM = WWWTSU436A;
				INFOPLIST_FILE = StudyBuddyTests/Info.plist;
				IPHONEOS_DEPLOYMENT_TARGET = 13.1;
				LD_RUNPATH_SEARCH_PATHS = (
					"$(inherited)",
					"@executable_path/Frameworks",
					"@loader_path/Frameworks",
				);
				PRODUCT_BUNDLE_IDENTIFIER = piose5.StudyBuddyTests;
				PRODUCT_NAME = "$(TARGET_NAME)";
				SWIFT_VERSION = 5.0;
				TARGETED_DEVICE_FAMILY = "1,2";
				TEST_HOST = "$(BUILT_PRODUCTS_DIR)/StudyBuddy.app/StudyBuddy";
			};
			name = Release;
		};
		33F8280123703026002DF18A /* Debug */ = {
			isa = XCBuildConfiguration;
			buildSettings = {
				ALWAYS_EMBED_SWIFT_STANDARD_LIBRARIES = YES;
				CODE_SIGN_STYLE = Automatic;
				DEVELOPMENT_TEAM = WWWTSU436A;
				INFOPLIST_FILE = StudyBuddyUITests/Info.plist;
				LD_RUNPATH_SEARCH_PATHS = (
					"$(inherited)",
					"@executable_path/Frameworks",
					"@loader_path/Frameworks",
				);
				PRODUCT_BUNDLE_IDENTIFIER = piose5.StudyBuddyUITests;
				PRODUCT_NAME = "$(TARGET_NAME)";
				SWIFT_VERSION = 5.0;
				TARGETED_DEVICE_FAMILY = "1,2";
				TEST_TARGET_NAME = StudyBuddy;
			};
			name = Debug;
		};
		33F8280223703026002DF18A /* Release */ = {
			isa = XCBuildConfiguration;
			buildSettings = {
				ALWAYS_EMBED_SWIFT_STANDARD_LIBRARIES = YES;
				CODE_SIGN_STYLE = Automatic;
				DEVELOPMENT_TEAM = WWWTSU436A;
				INFOPLIST_FILE = StudyBuddyUITests/Info.plist;
				LD_RUNPATH_SEARCH_PATHS = (
					"$(inherited)",
					"@executable_path/Frameworks",
					"@loader_path/Frameworks",
				);
				PRODUCT_BUNDLE_IDENTIFIER = piose5.StudyBuddyUITests;
				PRODUCT_NAME = "$(TARGET_NAME)";
				SWIFT_VERSION = 5.0;
				TARGETED_DEVICE_FAMILY = "1,2";
				TEST_TARGET_NAME = StudyBuddy;
			};
			name = Release;
		};
/* End XCBuildConfiguration section */

/* Begin XCConfigurationList section */
		33F827CB23703023002DF18A /* Build configuration list for PBXProject "StudyBuddy" */ = {
			isa = XCConfigurationList;
			buildConfigurations = (
				33F827F823703026002DF18A /* Debug */,
				33F827F923703026002DF18A /* Release */,
			);
			defaultConfigurationIsVisible = 0;
			defaultConfigurationName = Release;
		};
		33F827FA23703026002DF18A /* Build configuration list for PBXNativeTarget "StudyBuddy" */ = {
			isa = XCConfigurationList;
			buildConfigurations = (
				33F827FB23703026002DF18A /* Debug */,
				33F827FC23703026002DF18A /* Release */,
			);
			defaultConfigurationIsVisible = 0;
			defaultConfigurationName = Release;
		};
		33F827FD23703026002DF18A /* Build configuration list for PBXNativeTarget "StudyBuddyTests" */ = {
			isa = XCConfigurationList;
			buildConfigurations = (
				33F827FE23703026002DF18A /* Debug */,
				33F827FF23703026002DF18A /* Release */,
			);
			defaultConfigurationIsVisible = 0;
			defaultConfigurationName = Release;
		};
		33F8280023703026002DF18A /* Build configuration list for PBXNativeTarget "StudyBuddyUITests" */ = {
			isa = XCConfigurationList;
			buildConfigurations = (
				33F8280123703026002DF18A /* Debug */,
				33F8280223703026002DF18A /* Release */,
			);
			defaultConfigurationIsVisible = 0;
			defaultConfigurationName = Release;
		};
/* End XCConfigurationList section */
	};
	rootObject = 33F827C823703023002DF18A /* Project object */;
}
